
Microsoft Visual Studio Solution File, Format Version 12.00
# Visual Studio 2012
Project("{FAE04EC0-301F-11D3-BF4B-00C04F79EFBC}") = "ZV Web", "ZV Web\ZV Web.csproj", "{AAE05F72-A01A-4F84-82DE-F83C744FB19C}"
EndProject
Project("{FAE04EC0-301F-11D3-BF4B-00C04F79EFBC}") = "ZV.Tests", "ZV.Tests\ZV.Tests.csproj", "{39F9D83F-1A29-43E5-AA00-AF3FF432EF11}"
EndProject
Project("{FAE04EC0-301F-11D3-BF4B-00C04F79EFBC}") = "Infrastructure", "Infrastructure\Infrastructure.csproj", "{13D07AD7-33A0-4CD4-B63F-A55E41E90753}"
EndProject
Global
	GlobalSection(SolutionConfigurationPlatforms) = preSolution
		Debug|Any CPU = Debug|Any CPU
		Release|Any CPU = Release|Any CPU
	EndGlobalSection
	GlobalSection(ProjectConfigurationPlatforms) = postSolution
		{AAE05F72-A01A-4F84-82DE-F83C744FB19C}.Debug|Any CPU.ActiveCfg = Debug|Any CPU
		{AAE05F72-A01A-4F84-82DE-F83C744FB19C}.Debug|Any CPU.Build.0 = Debug|Any CPU
		{AAE05F72-A01A-4F84-82DE-F83C744FB19C}.Release|Any CPU.ActiveCfg = Release|Any CPU
		{AAE05F72-A01A-4F84-82DE-F83C744FB19C}.Release|Any CPU.Build.0 = Release|Any CPU
		{39F9D83F-1A29-43E5-AA00-AF3FF432EF11}.Debug|Any CPU.ActiveCfg = Debug|Any CPU
		{39F9D83F-1A29-43E5-AA00-AF3FF432EF11}.Debug|Any CPU.Build.0 = Debug|Any CPU
		{39F9D83F-1A29-43E5-AA00-AF3FF432EF11}.Release|Any CPU.ActiveCfg = Release|Any CPU
		{39F9D83F-1A29-43E5-AA00-AF3FF432EF11}.Release|Any CPU.Build.0 = Release|Any CPU
		{13D07AD7-33A0-4CD4-B63F-A55E41E90753}.Debug|Any CPU.ActiveCfg = Debug|Any CPU
		{13D07AD7-33A0-4CD4-B63F-A55E41E90753}.Debug|Any CPU.Build.0 = Debug|Any CPU
		{13D07AD7-33A0-4CD4-B63F-A55E41E90753}.Release|Any CPU.ActiveCfg = Release|Any CPU
		{13D07AD7-33A0-4CD4-B63F-A55E41E90753}.Release|Any CPU.Build.0 = Release|Any CPU
	EndGlobalSection
	GlobalSection(SolutionProperties) = preSolution
		HideSolutionNode = FALSE
	EndGlobalSection
EndGlobal
